Microsoft Visual Studio Solution File, Format Version 12.00
# Visual Studio Version 17
VisualStudioVersion = 17.5.2.0
MinimumVisualStudioVersion = 10.0.40219.1
Project("{FAE04EC0-301F-11D3-BF4B-00C04F79EFBC}") = "Averagely", "Averagely.csproj", "{14AD31FB-B36C-25E2-BCA3-21D098683462}"
EndProject
Global
	GlobalSection(SolutionConfigurationPlatforms) = preSolution
		Debug|Any CPU = Debug|Any CPU
		Release|Any CPU = Release|Any CPU
	EndGlobalSection
	GlobalSection(ProjectConfigurationPlatforms) = postSolution
		{14AD31FB-B36C-25E2-BCA3-21D098683462}.Debug|Any CPU.ActiveCfg = Debug|Any CPU
		{14AD31FB-B36C-25E2-BCA3-21D098683462}.Debug|Any CPU.Build.0 = Debug|Any CPU
		{14AD31FB-B36C-25E2-BCA3-21D098683462}.Release|Any CPU.ActiveCfg = Release|Any CPU
		{14AD31FB-B36C-25E2-BCA3-21D098683462}.Release|Any CPU.Build.0 = Release|Any CPU
	EndGlobalSection
	GlobalSection(SolutionProperties) = preSolution
		HideSolutionNode = FALSE
	EndGlobalSection
	GlobalSection(ExtensibilityGlobals) = postSolution
		SolutionGuid = {C168553D-E138-4A47-8339-970F8F071AE9}
	EndGlobalSection
EndGlobal
